Microsoft Visual Studio Solution File, Format Version 12.00
# Visual Studio 2012
Project("{FAE04EC0-301F-11D3-BF4B-00C04F79EFBC}") = "Dixie-seealemone-wal-in-crazyland", "Dixie-seealemone-wal-in-crazyland.csproj", "{40C794CA-24CF-44C9-8443-7925B3A05958}"
EndProject
Global
	GlobalSection(SolutionConfigurationPlatforms) = preSolution
	Debug|Any CPU = Debug|Any CPU
	ExportDebug|Any CPU = ExportDebug|Any CPU
	ExportRelease|Any CPU = ExportRelease|Any CPU
	EndGlobalSection
	GlobalSection(ProjectConfigurationPlatforms) = postSolution
		{40C794CA-24CF-44C9-8443-7925B3A05958}.Debug|Any CPU.ActiveCfg = Debug|Any CPU
		{40C794CA-24CF-44C9-8443-7925B3A05958}.Debug|Any CPU.Build.0 = Debug|Any CPU
		{40C794CA-24CF-44C9-8443-7925B3A05958}.ExportDebug|Any CPU.ActiveCfg = ExportDebug|Any CPU
		{40C794CA-24CF-44C9-8443-7925B3A05958}.ExportDebug|Any CPU.Build.0 = ExportDebug|Any CPU
		{40C794CA-24CF-44C9-8443-7925B3A05958}.ExportRelease|Any CPU.ActiveCfg = ExportRelease|Any CPU
		{40C794CA-24CF-44C9-8443-7925B3A05958}.ExportRelease|Any CPU.Build.0 = ExportRelease|Any CPU
	EndGlobalSection
EndGlobal
